{
  "name": "gdax-sim",
  "version": "1.0.4",
  "lockfileVersion": 1,
  "requires": true,
  "dependencies": {
    "gdax-sim-test-data": {
      "version": "1.0.1",
      "resolved": "https://registry.npmjs.org/gdax-sim-test-data/-/gdax-sim-test-data-1.0.1.tgz",
      "integrity": "sha512-NTWC2nY2Y00ywWWgsjm2eVqeuBk8zVPsWVEKUQ9tjcbI9PxN+CnoVUAk2kcUV3LridzpNM/Lz/Pqr6EXNY8Etg==",
      "dev": true
    }
  }
}
